
Microsoft Visual Studio Solution File, Format Version 12.00
# Visual Studio 14
Project("{8BC9CEB8-8B4A-11D0-8D11-00A0C91BC942}") = "ALL_BUILD", "ALL_BUILD.vcxproj", "{732C6CFD-8D53-3C1B-9ECF-9ED19B29FEE1}"
	ProjectSection(ProjectDependencies) = postProject
		{84663AE3-1AA0-39A5-9E44-8C0471335914} = {84663AE3-1AA0-39A5-9E44-8C0471335914}
		{151E369B-DDBA-3FBD-AF2D-22438C7038BF} = {151E369B-DDBA-3FBD-AF2D-22438C7038BF}
		{FEAE1A86-F134-396A-ADF2-9F667E9F5264} = {FEAE1A86-F134-396A-ADF2-9F667E9F5264}
		{F97C2B6E-60EF-3D65-9CD3-33FCB48D631B} = {F97C2B6E-60EF-3D65-9CD3-33FCB48D631B}
	EndProjectSection
EndProject
Project("{8BC9CEB8-8B4A-11D0-8D11-00A0C91BC942}") = "INSTALL", "INSTALL.vcxproj", "{C8C931EF-C3E4-3FA1-837C-C81C21B5833D}"
	ProjectSection(ProjectDependencies) = postProject
		{732C6CFD-8D53-3C1B-9ECF-9ED19B29FEE1} = {732C6CFD-8D53-3C1B-9ECF-9ED19B29FEE1}
		{84663AE3-1AA0-39A5-9E44-8C0471335914} = {84663AE3-1AA0-39A5-9E44-8C0471335914}
	EndProjectSection
EndProject
Project("{8BC9CEB8-8B4A-11D0-8D11-00A0C91BC942}") = "ZERO_CHECK", "ZERO_CHECK.vcxproj", "{84663AE3-1AA0-39A5-9E44-8C0471335914}"
	ProjectSection(ProjectDependencies) = postProject
	EndProjectSection
EndProject
Project("{8BC9CEB8-8B4A-11D0-8D11-00A0C91BC942}") = "dark", "dark.vcxproj", "{151E369B-DDBA-3FBD-AF2D-22438C7038BF}"
	ProjectSection(ProjectDependencies) = postProject
		{84663AE3-1AA0-39A5-9E44-8C0471335914} = {84663AE3-1AA0-39A5-9E44-8C0471335914}
	EndProjectSection
EndProject
Project("{8BC9CEB8-8B4A-11D0-8D11-00A0C91BC942}") = "darknet", "darknet.vcxproj", "{FEAE1A86-F134-396A-ADF2-9F667E9F5264}"
	ProjectSection(ProjectDependencies) = postProject
		{84663AE3-1AA0-39A5-9E44-8C0471335914} = {84663AE3-1AA0-39A5-9E44-8C0471335914}
	EndProjectSection
EndProject
Project("{8BC9CEB8-8B4A-11D0-8D11-00A0C91BC942}") = "uselib", "uselib.vcxproj", "{F97C2B6E-60EF-3D65-9CD3-33FCB48D631B}"
	ProjectSection(ProjectDependencies) = postProject
		{84663AE3-1AA0-39A5-9E44-8C0471335914} = {84663AE3-1AA0-39A5-9E44-8C0471335914}
		{151E369B-DDBA-3FBD-AF2D-22438C7038BF} = {151E369B-DDBA-3FBD-AF2D-22438C7038BF}
	EndProjectSection
EndProject
Global
	GlobalSection(SolutionConfigurationPlatforms) = preSolution
		Debug|x64 = Debug|x64
		Release|x64 = Release|x64
		MinSizeRel|x64 = MinSizeRel|x64
		RelWithDebInfo|x64 = RelWithDebInfo|x64
	EndGlobalSection
	GlobalSection(ProjectConfigurationPlatforms) = postSolution
		{732C6CFD-8D53-3C1B-9ECF-9ED19B29FEE1}.Debug|x64.ActiveCfg = Debug|x64
		{732C6CFD-8D53-3C1B-9ECF-9ED19B29FEE1}.Debug|x64.Build.0 = Debug|x64
		{732C6CFD-8D53-3C1B-9ECF-9ED19B29FEE1}.Release|x64.ActiveCfg = Release|x64
		{732C6CFD-8D53-3C1B-9ECF-9ED19B29FEE1}.Release|x64.Build.0 = Release|x64
		{732C6CFD-8D53-3C1B-9ECF-9ED19B29FEE1}.MinSizeRel|x64.ActiveCfg = MinSizeRel|x64
		{732C6CFD-8D53-3C1B-9ECF-9ED19B29FEE1}.MinSizeRel|x64.Build.0 = MinSizeRel|x64
		{732C6CFD-8D53-3C1B-9ECF-9ED19B29FEE1}.RelWithDebInfo|x64.ActiveCfg = RelWithDebInfo|x64
		{732C6CFD-8D53-3C1B-9ECF-9ED19B29FEE1}.RelWithDebInfo|x64.Build.0 = RelWithDebInfo|x64
		{C8C931EF-C3E4-3FA1-837C-C81C21B5833D}.Debug|x64.ActiveCfg = Debug|x64
		{C8C931EF-C3E4-3FA1-837C-C81C21B5833D}.Release|x64.ActiveCfg = Release|x64
		{C8C931EF-C3E4-3FA1-837C-C81C21B5833D}.MinSizeRel|x64.ActiveCfg = MinSizeRel|x64
		{C8C931EF-C3E4-3FA1-837C-C81C21B5833D}.RelWithDebInfo|x64.ActiveCfg = RelWithDebInfo|x64
		{84663AE3-1AA0-39A5-9E44-8C0471335914}.Debug|x64.ActiveCfg = Debug|x64
		{84663AE3-1AA0-39A5-9E44-8C0471335914}.Debug|x64.Build.0 = Debug|x64
		{84663AE3-1AA0-39A5-9E44-8C0471335914}.Release|x64.ActiveCfg = Release|x64
		{84663AE3-1AA0-39A5-9E44-8C0471335914}.Release|x64.Build.0 = Release|x64
		{84663AE3-1AA0-39A5-9E44-8C0471335914}.MinSizeRel|x64.ActiveCfg = MinSizeRel|x64
		{84663AE3-1AA0-39A5-9E44-8C0471335914}.MinSizeRel|x64.Build.0 = MinSizeRel|x64
		{84663AE3-1AA0-39A5-9E44-8C0471335914}.RelWithDebInfo|x64.ActiveCfg = RelWithDebInfo|x64
		{84663AE3-1AA0-39A5-9E44-8C0471335914}.RelWithDebInfo|x64.Build.0 = RelWithDebInfo|x64
		{151E369B-DDBA-3FBD-AF2D-22438C7038BF}.Debug|x64.ActiveCfg = Debug|x64
		{151E369B-DDBA-3FBD-AF2D-22438C7038BF}.Debug|x64.Build.0 = Debug|x64
		{151E369B-DDBA-3FBD-AF2D-22438C7038BF}.Release|x64.ActiveCfg = Release|x64
		{151E369B-DDBA-3FBD-AF2D-22438C7038BF}.Release|x64.Build.0 = Release|x64
		{151E369B-DDBA-3FBD-AF2D-22438C7038BF}.MinSizeRel|x64.ActiveCfg = MinSizeRel|x64
		{151E369B-DDBA-3FBD-AF2D-22438C7038BF}.MinSizeRel|x64.Build.0 = MinSizeRel|x64
		{151E369B-DDBA-3FBD-AF2D-22438C7038BF}.RelWithDebInfo|x64.ActiveCfg = RelWithDebInfo|x64
		{151E369B-DDBA-3FBD-AF2D-22438C7038BF}.RelWithDebInfo|x64.Build.0 = RelWithDebInfo|x64
		{FEAE1A86-F134-396A-ADF2-9F667E9F5264}.Debug|x64.ActiveCfg = Debug|x64
		{FEAE1A86-F134-396A-ADF2-9F667E9F5264}.Debug|x64.Build.0 = Debug|x64
		{FEAE1A86-F134-396A-ADF2-9F667E9F5264}.Release|x64.ActiveCfg = Release|x64
		{FEAE1A86-F134-396A-ADF2-9F667E9F5264}.Release|x64.Build.0 = Release|x64
		{FEAE1A86-F134-396A-ADF2-9F667E9F5264}.MinSizeRel|x64.ActiveCfg = MinSizeRel|x64
		{FEAE1A86-F134-396A-ADF2-9F667E9F5264}.MinSizeRel|x64.Build.0 = MinSizeRel|x64
		{FEAE1A86-F134-396A-ADF2-9F667E9F5264}.RelWithDebInfo|x64.ActiveCfg = RelWithDebInfo|x64
		{FEAE1A86-F134-396A-ADF2-9F667E9F5264}.RelWithDebInfo|x64.Build.0 = RelWithDebInfo|x64
		{F97C2B6E-60EF-3D65-9CD3-33FCB48D631B}.Debug|x64.ActiveCfg = Debug|x64
		{F97C2B6E-60EF-3D65-9CD3-33FCB48D631B}.Debug|x64.Build.0 = Debug|x64
		{F97C2B6E-60EF-3D65-9CD3-33FCB48D631B}.Release|x64.ActiveCfg = Release|x64
		{F97C2B6E-60EF-3D65-9CD3-33FCB48D631B}.Release|x64.Build.0 = Release|x64
		{F97C2B6E-60EF-3D65-9CD3-33FCB48D631B}.MinSizeRel|x64.ActiveCfg = MinSizeRel|x64
		{F97C2B6E-60EF-3D65-9CD3-33FCB48D631B}.MinSizeRel|x64.Build.0 = MinSizeRel|x64
		{F97C2B6E-60EF-3D65-9CD3-33FCB48D631B}.RelWithDebInfo|x64.ActiveCfg = RelWithDebInfo|x64
		{F97C2B6E-60EF-3D65-9CD3-33FCB48D631B}.RelWithDebInfo|x64.Build.0 = RelWithDebInfo|x64
	EndGlobalSection
	GlobalSection(ExtensibilityGlobals) = postSolution
		SolutionGuid = {246089A8-DB2B-3ECE-9424-AC0FEBB0E071}
	EndGlobalSection
	GlobalSection(ExtensibilityAddIns) = postSolution
	EndGlobalSection
EndGlobal
